# Code generated by scarb DO NOT EDIT.
version = 1

[[package]]
name = "snforge_scarb_plugin"
version = "0.54.0"
source = "git+https://github.com/foundry-rs/starknet-foundry?tag=v0.54.0#bc522a78a7fbfc18835b99c9c79d9427763ec288"

[[package]]
name = "snforge_std"
version = "0.54.0"
source = "git+https://github.com/foundry-rs/starknet-foundry?tag=v0.54.0#bc522a78a7fbfc18835b99c9c79d9427763ec288"
dependencies = [
 "snforge_scarb_plugin",
]

[[package]]
name = "stwo_ml_verifier"
version = "0.2.0"
dependencies = [
 "snforge_std",
]
