# Code generated by scarb DO NOT EDIT.
version = 1

[[package]]
name = "bounded_int"
version = "0.1.0"

[[package]]
name = "elo_cairo_verifier"
version = "0.3.0"
dependencies = [
 "bounded_int",
 "snforge_std",
 "stwo_constraint_framework",
 "stwo_verifier_core",
 "stwo_verifier_utils",
]

[[package]]
name = "snforge_scarb_plugin"
version = "0.54.1"
source = "git+https://github.com/foundry-rs/starknet-foundry?tag=v0.54.1#3128a7b74129172b26caa3c7ff3851cda4869985"

[[package]]
name = "snforge_std"
version = "0.54.1"
source = "git+https://github.com/foundry-rs/starknet-foundry?tag=v0.54.1#3128a7b74129172b26caa3c7ff3851cda4869985"
dependencies = [
 "snforge_scarb_plugin",
]

[[package]]
name = "stwo_constraint_framework"
version = "0.1.0"
dependencies = [
 "stwo_verifier_core",
]

[[package]]
name = "stwo_verifier_core"
version = "0.1.0"
dependencies = [
 "bounded_int",
 "stwo_verifier_utils",
]

[[package]]
name = "stwo_verifier_utils"
version = "0.1.0"
dependencies = [
 "bounded_int",
]
